
Microsoft Visual Studio Solution File, Format Version 12.00
# Visual Studio Version 17
VisualStudioVersion = 17.14.36414.22 d17.14
MinimumVisualStudioVersion = 10.0.40219.1
Project("{FAE04EC0-301F-11D3-BF4B-00C04F79EFBC}") = "DayFour", "DayFour\DayFour.csproj", "{981D3531-CFE3-4275-AB51-76A1D08BAC8E}"
EndProject
Global
	GlobalSection(SolutionConfigurationPlatforms) = preSolution
		Debug|Any CPU = Debug|Any CPU
		Release|Any CPU = Release|Any CPU
	EndGlobalSection
	GlobalSection(ProjectConfigurationPlatforms) = postSolution
		{981D3531-CFE3-4275-AB51-76A1D08BAC8E}.Debug|Any CPU.ActiveCfg = Debug|Any CPU
		{981D3531-CFE3-4275-AB51-76A1D08BAC8E}.Debug|Any CPU.Build.0 = Debug|Any CPU
		{981D3531-CFE3-4275-AB51-76A1D08BAC8E}.Release|Any CPU.ActiveCfg = Release|Any CPU
		{981D3531-CFE3-4275-AB51-76A1D08BAC8E}.Release|Any CPU.Build.0 = Release|Any CPU
	EndGlobalSection
	GlobalSection(SolutionProperties) = preSolution
		HideSolutionNode = FALSE
	EndGlobalSection
	GlobalSection(ExtensibilityGlobals) = postSolution
		SolutionGuid = {61402923-25DA-4F17-9ABE-E8670DADD9A2}
	EndGlobalSection
EndGlobal
