
Microsoft Visual Studio Solution File, Format Version 12.00
# Visual Studio Version 17
VisualStudioVersion = 17.14.36414.22 d17.14
MinimumVisualStudioVersion = 10.0.40219.1
Project("{FAE04EC0-301F-11D3-BF4B-00C04F79EFBC}") = "Menu_Card", "Menu_Card\Menu_Card.csproj", "{0F8C08EC-3546-45D3-9AC9-A055907E8E0D}"
EndProject
Global
	GlobalSection(SolutionConfigurationPlatforms) = preSolution
		Debug|Any CPU = Debug|Any CPU
		Release|Any CPU = Release|Any CPU
	EndGlobalSection
	GlobalSection(ProjectConfigurationPlatforms) = postSolution
		{0F8C08EC-3546-45D3-9AC9-A055907E8E0D}.Debug|Any CPU.ActiveCfg = Debug|Any CPU
		{0F8C08EC-3546-45D3-9AC9-A055907E8E0D}.Debug|Any CPU.Build.0 = Debug|Any CPU
		{0F8C08EC-3546-45D3-9AC9-A055907E8E0D}.Release|Any CPU.ActiveCfg = Release|Any CPU
		{0F8C08EC-3546-45D3-9AC9-A055907E8E0D}.Release|Any CPU.Build.0 = Release|Any CPU
	EndGlobalSection
	GlobalSection(SolutionProperties) = preSolution
		HideSolutionNode = FALSE
	EndGlobalSection
	GlobalSection(ExtensibilityGlobals) = postSolution
		SolutionGuid = {922D3F1F-6D37-4D66-BE17-518B1FA2EB7C}
	EndGlobalSection
EndGlobal
